# This file is automatically @generated by Cargo.
# It is not intended for manual editing.
version = 4

[[package]]
name = "anyhow"
version = "1.0.95"
source = "registry+https://github.com/rust-lang/crates.io-index"
checksum = "34ac096ce696dc2fcabef30516bb13c0a68a11d30131d3df6f04711467681b04"

[[package]]
name = "osumapchecker"
version = "0.1.0"
dependencies = [
 "anyhow",
 "voxell_timer",
]

[[package]]
name = "voxell_timer"
version = "1.1.1"
source = "registry+https://github.com/rust-lang/crates.io-index"
checksum = "9497078d1191cd08047622361a0cb3fef02e9b0bbc1eab7c4684cc3c6fea0a4f"
